# This file is autogenerated, do not edit; changes may be undone by the next 'dep ensure'.


[[projects]]
  digest = "1:b62a3c5b37db602bf1158e921da1a762315a4c37855fd418a14498aa87a342d5"
  name = "cloud.google.com/go"
  packages = ["civil"]
  pruneopts = "UT"
  revision = "97efc2c9ffd9fe8ef47f7f3203dc60bbca547374"
  version = "v0.28.0"

[[projects]]
  digest = "1:cf84c1cf34b76875b25f45cbffd95ca409cdf370473a6caa078abc16db06484a"
  name = "github.com/Jeffail/gabs"
  packages = ["."]
  pruneopts = "UT"
  revision = "7a0fed31069aba77993a518cc2f37b28ee7aa883"
  version = "v1.1.0"

[[projects]]
  digest = "1:0803645e1f57fb5271a6edc7570b9ea59bac2e5de67957075a43f3d74c8dbd97"
  name = "github.com/NYTimes/gziphandler"
  packages = ["."]
  pruneopts = "UT"
  revision = "2600fb119af974220d3916a5916d6e31176aac1b"
  version = "v1.0.1"

[[projects]]
  digest = "1:a9eb1ca430d28105b8884899512e236d1831e3708f170e9dd48f6188b75295e9"
  name = "github.com/SAP/go-hdb"
  packages = [
    "driver",
    "driver/sqltrace",
    "internal/bufio",
    "internal/protocol",
    "internal/unicode",
    "internal/unicode/cesu8",
  ]
  pruneopts = "UT"
  revision = "c55cd652ac372df54ed1c9f05eba4351a3f3f2bd"
  version = "v0.13.1"

[[projects]]
  digest = "1:a69ab3f1445ffd4815add4bd31ba05b65b3b9fec1ade5057d5d717f30e6efd6d"
  name = "github.com/SermoDigital/jose"
  packages = [
    ".",
    "crypto",
    "jws",
    "jwt",
  ]
  pruneopts = "UT"
  revision = "f6df55f235c24f236d11dbcf665249a59ac2021f"
  version = "1.1"

[[projects]]
  branch = "master"
  digest = "1:ef5b0622d834c139454148b8fd0c92bb314828900532b267ae62da9fec109866"
  name = "github.com/armon/go-metrics"
  packages = ["."]
  pruneopts = "UT"
  revision = "f0300d1749da6fa982027e449ec0c7a145510c3c"

[[projects]]
  digest = "1:c47f4964978e211c6e566596ec6246c329912ea92e9bb99c00798bb4564c5b09"
  name = "github.com/armon/go-radix"
  packages = ["."]
  pruneopts = "UT"
  revision = "1a2de0c21c94309923825da3df33a4381872c795"
  version = "v1.0.0"

[[projects]]
  digest = "1:320e7ead93de9fd2b0e59b50fd92a4d50c1f8ab455d96bc2eb083267453a9709"
  name = "github.com/asaskevich/govalidator"
  packages = ["."]
  pruneopts = "UT"
  revision = "ccb8e960c48f04d6935e72476ae4a51028f9e22f"
  version = "v9"

[[projects]]
  digest = "1:1343a2963481a305ca4d051e84bc2abd16b601ee22ed324f8d605de1adb291b0"
  name = "github.com/bgentry/speakeasy"
  packages = ["."]
  pruneopts = "UT"
  revision = "4aabc24848ce5fd31929f7d1e4ea74d3709c14cd"
  version = "v0.1.0"

[[projects]]
  branch = "master"
  digest = "1:6f120164f62e62991d0f85562abe2002d438abb2ca80b7717a2f4ae2af1c6829"
  name = "github.com/denisenkom/go-mssqldb"
  packages = [
    ".",
    "internal/cp",
  ]
  pruneopts = "UT"
  revision = "1eb28afdf9b6e56cf673badd47545f844fe81103"

[[projects]]
  branch = "master"
  digest = "1:08057ed6079c2f88c37b6e5e6234cc07b3dc7a5ee14a5543ccc8d15833b83c9b"
  name = "github.com/duosecurity/duo_api_golang"
  packages = [
    ".",
    "authapi",
  ]
  pruneopts = "UT"
  revision = "d0530c80e49a86b1c3f5525daa5a324bfb795ef3"

[[projects]]
  digest = "1:f4f6279cb37479954644babd8f8ef00584ff9fa63555d2c6718c1c3517170202"
  name = "github.com/elazarl/go-bindata-assetfs"
  packages = ["."]
  pruneopts = "UT"
  revision = "30f82fa23fd844bd5bb1e5f216db87fd77b5eb43"
  version = "v1.0.0"

[[projects]]
  digest = "1:865079840386857c809b72ce300be7580cb50d3d3129ce11bf9aa6ca2bc1934a"
  name = "github.com/fatih/color"
  packages = ["."]
  pruneopts = "UT"
  revision = "5b77d2a35fb0ede96d138fc9a99f5c9b6aef11b4"
  version = "v1.7.0"

[[projects]]
  digest = "1:ca82a3b99694824c627573c2a76d0e49719b4a9c02d1d85a2ac91f1c1f52ab9b"
  name = "github.com/fatih/structs"
  packages = ["."]
  pruneopts = "UT"
  revision = "a720dfa8df582c51dee1b36feabb906bde1588bd"
  version = "v1.0"

[[projects]]
  digest = "1:adea5a94903eb4384abef30f3d878dc9ff6b6b5b0722da25b82e5169216dfb61"
  name = "github.com/go-sql-driver/mysql"
  packages = ["."]
  pruneopts = "UT"
  revision = "d523deb1b23d913de5bdada721a6071e71283618"
  version = "v1.4.0"

[[projects]]
  digest = "1:479de7fa1a404d26315774b78a19e5a9ad18f5fb5f35038b6c8082b978c285f1"
  name = "github.com/go-test/deep"
  packages = ["."]
  pruneopts = "UT"
  revision = "1888facc153dfaea996367ec0e53d0c42d1b8454"
  version = "v1.0.3"

[[projects]]
  branch = "master"
  digest = "1:9265f7f8d78bf82bff4a19cc6b33b28073160920b07d8d4d5dca46695edf3b66"
  name = "github.com/gocql/gocql"
  packages = [
    ".",
    "internal/lru",
    "internal/murmur",
    "internal/streams",
  ]
  pruneopts = "UT"
  revision = "5a139e8dcc59d560335dbda641b9f42085e59b0a"

[[projects]]
  digest = "1:4c0989ca0bcd10799064318923b9bc2db6b4d6338dd75f3f2d86c3511aaaf5cf"
  name = "github.com/golang/protobuf"
  packages = [
    "proto",
    "ptypes",
    "ptypes/any",
    "ptypes/duration",
    "ptypes/timestamp",
  ]
  pruneopts = "UT"
  revision = "aa810b61a9c79d51363740d207bb46cf8e620ed5"
  version = "v1.2.0"

[[projects]]
  branch = "master"
  digest = "1:4a0c6bb4805508a6287675fac876be2ac1182539ca8a32468d8128882e9d5009"
  name = "github.com/golang/snappy"
  packages = ["."]
  pruneopts = "UT"
  revision = "2e65f85255dbc3072edf28d6b5b8efc472979f5a"

[[projects]]
  branch = "master"
  digest = "1:364b908b9b27b97ab838f2f6f1b1f46281fa29b978a037d72a9b1d4f6d940190"
  name = "github.com/hailocab/go-hostpool"
  packages = ["."]
  pruneopts = "UT"
  revision = "e80d13ce29ede4452c43dea11e79b9bc8a15b478"

[[projects]]
  digest = "1:0ade334594e69404d80d9d323445d2297ff8161637f9b2d347cc6973d2d6f05b"
  name = "github.com/hashicorp/errwrap"
  packages = ["."]
  pruneopts = "UT"
  revision = "8a6fb523712970c966eefc6b39ed2c5e74880354"
  version = "v1.0.0"

[[projects]]
  digest = "1:f47d6109c2034cb16bd62b220e18afd5aa9d5a1630fe5d937ad96a4fb7cbb277"
  name = "github.com/hashicorp/go-cleanhttp"
  packages = ["."]
  pruneopts = "UT"
  revision = "e8ab9daed8d1ddd2d3c4efba338fe2eeae2e4f18"
  version = "v0.5.0"

[[projects]]
  branch = "master"
  digest = "1:d900a5ae66a3181783dbf38e4a23505cdabd3e8e881c3d49ae8aa498b571b886"
  name = "github.com/hashicorp/go-hclog"
  packages = ["."]
  pruneopts = "UT"
  revision = "e45cbeb79f0411b1cfedd3f226ff69d5d433c762"

[[projects]]
  digest = "1:2be5a35f0c5b35162c41bb24971e5dcf6ce825403296ee435429cdcc4e1e847e"
  name = "github.com/hashicorp/go-immutable-radix"
  packages = ["."]
  pruneopts = "UT"
  revision = "27df80928bb34bb1b0d6d0e01b9e679902e7a6b5"
  version = "v1.0.0"

[[projects]]
  branch = "master"
  digest = "1:3b2a3d7bff172ac470a65aa41bd780ebcf36804552e30429381888c50d8a6d20"
  name = "github.com/hashicorp/go-memdb"
  packages = ["."]
  pruneopts = "UT"
  revision = "1289e7fffe71d8fd4d4d491ba9a412c50f244c44"

[[projects]]
  digest = "1:f668349b83f7d779567c880550534addeca7ebadfdcf44b0b9c39be61864b4b7"
  name = "github.com/hashicorp/go-multierror"
  packages = ["."]
  pruneopts = "UT"
  revision = "886a7fbe3eb1c874d46f623bfa70af45f425b3d1"
  version = "v1.0.0"

[[projects]]
  branch = "master"
  digest = "1:20f78c1cf1b6fe6c55ba1407350d6fc7dc77d1591f8106ba693c28014a1a1b37"
  name = "github.com/hashicorp/go-plugin"
  packages = ["."]
  pruneopts = "UT"
  revision = "a4620f9913d19f03a6bf19b2f304daaaf83ea130"

[[projects]]
  branch = "master"
  digest = "1:183f00c472fb9b2446659618eebf4899872fa267b92f926539411abdc8b941df"
  name = "github.com/hashicorp/go-retryablehttp"
  packages = ["."]
  pruneopts = "UT"
  revision = "e651d75abec6fbd4f2c09508f72ae7af8a8b7171"

[[projects]]
  branch = "master"
  digest = "1:45aad874d3c7d5e8610427c81870fb54970b981692930ec2a319ce4cb89d7a00"
  name = "github.com/hashicorp/go-rootcerts"
  packages = ["."]
  pruneopts = "UT"
  revision = "6bb64b370b90e7ef1fa532be9e591a81c3493e00"

[[projects]]
  branch = "master"
  digest = "1:14f2005c31ddf99c4a0f36fc440f8d1ac43224194c7c4a904b3c8f4ba5654d0b"
  name = "github.com/hashicorp/go-sockaddr"
  packages = ["."]
  pruneopts = "UT"
  revision = "6d291a969b86c4b633730bfc6b8b9d64c3aafed9"

[[projects]]
  digest = "1:12ed7dcca9531e58c65cdadb8af0052724bef7fa1581380523fb9cb1215faf0d"
  name = "github.com/hashicorp/go-uuid"
  packages = ["."]
  pruneopts = "UT"
  revision = "de160f5c59f693fed329e73e291bb751fe4ea4dc"
  version = "v1.0.0"

[[projects]]
  digest = "1:77395dd3847dac9c45118c668f5dab85aedf0163dc3b38aea6578c5cf0d502f9"
  name = "github.com/hashicorp/go-version"
  packages = ["."]
  pruneopts = "UT"
  revision = "b5a281d3160aa11950a6182bd9a9dc2cb1e02d50"
  version = "v1.0.0"

[[projects]]
  digest = "1:8ec8d88c248041a6df5f6574b87bc00e7e0b493881dad2e7ef47b11dc69093b5"
  name = "github.com/hashicorp/golang-lru"
  packages = [
    ".",
    "simplelru",
  ]
  pruneopts = "UT"
  revision = "20f1fb78b0740ba8c3cb143a61e86ba5c8669768"
  version = "v0.5.0"

[[projects]]
  digest = "1:ea40c24cdbacd054a6ae9de03e62c5f252479b96c716375aace5c120d68647c8"
  name = "github.com/hashicorp/hcl"
  packages = [
    ".",
    "hcl/ast",
    "hcl/parser",
    "hcl/scanner",
    "hcl/strconv",
    "hcl/token",
    "json/parser",
    "json/scanner",
    "json/token",
  ]
  pruneopts = "UT"
  revision = "8cb6e5b959231cc1119e43259c4a608f9c51a241"
  version = "v1.0.0"

[[projects]]
  branch = "master"
  digest = "1:69937c1b2fc9d14d1a8f68d797d1f78ea0477f6dbe050cecffa9524830d3f4bc"
  name = "github.com/hashicorp/vault"
  packages = [
    "api",
    "audit",
    "builtin/audit/file",
    "builtin/credential/userpass",
    "builtin/logical/database/dbplugin",
    "builtin/logical/pki",
    "builtin/logical/ssh",
    "builtin/logical/transit",
    "helper/base62",
    "helper/builtinplugins",
    "helper/certutil",
    "helper/cidrutil",
    "helper/compressutil",
    "helper/consts",
    "helper/dbtxn",
    "helper/errutil",
    "helper/forwarding",
    "helper/hclutil",
    "helper/identity",
    "helper/identity/mfa",
    "helper/jsonutil",
    "helper/kdf",
    "helper/keysutil",
    "helper/license",
    "helper/locksutil",
    "helper/logging",
    "helper/mfa",
    "helper/mfa/duo",
    "helper/mlock",
    "helper/namespace",
    "helper/parseutil",
    "helper/password",
    "helper/pathmanager",
    "helper/pgpkeys",
    "helper/pluginutil",
    "helper/policyutil",
    "helper/reload",
    "helper/salt",
    "helper/storagepacker",
    "helper/strutil",
    "helper/tlsutil",
    "helper/wrapping",
    "helper/xor",
    "http",
    "logical",
    "logical/framework",
    "physical",
    "physical/inmem",
    "plugins",
    "plugins/database/cassandra",
    "plugins/database/hana",
    "plugins/database/mongodb",
    "plugins/database/mssql",
    "plugins/database/mysql",
    "plugins/database/postgresql",
    "plugins/helper/database/connutil",
    "plugins/helper/database/credsutil",
    "plugins/helper/database/dbutil",
    "shamir",
    "vault",
    "vault/seal",
    "version",
  ]
  pruneopts = "UT"
  revision = "f8d0075c708bea4b5f2ca45bf9ccc091de9ab0cd"

[[projects]]
  branch = "master"
  digest = "1:b18312459906044c75d3acbf53ef510d7d0b74cd0a6e700f8d1d03fcaf6b188e"
  name = "github.com/hashicorp/vault-plugin-secrets-kv"
  packages = ["."]
  pruneopts = "UT"
  revision = "5a464a61f7def5e5688e5c77b60d1a655d11a633"

[[projects]]
  branch = "master"
  digest = "1:a4826c308e84f5f161b90b54a814f0be7d112b80164b9b884698a6903ea47ab3"
  name = "github.com/hashicorp/yamux"
  packages = ["."]
  pruneopts = "UT"
  revision = "7221087c3d281fda5f794e28c2ea4c6e4d5c4558"

[[projects]]
  branch = "master"
  digest = "1:aa162c457e53f3d6ffebc922cb908c1ec014b67c9d8638a9fe6ed63034123c82"
  name = "github.com/jefferai/jsonx"
  packages = ["."]
  pruneopts = "UT"
  revision = "9cc31c3135eef39b8e72585f37efa92b6ca314d0"

[[projects]]
  branch = "master"
  digest = "1:63d4fbdb4145a113f603e4faf159e11bee4ec9bf7f6d09011eba0a8d24c0c286"
  name = "github.com/keybase/go-crypto"
  packages = [
    "brainpool",
    "cast5",
    "curve25519",
    "ed25519",
    "ed25519/internal/edwards25519",
    "openpgp",
    "openpgp/armor",
    "openpgp/ecdh",
    "openpgp/elgamal",
    "openpgp/errors",
    "openpgp/packet",
    "openpgp/s2k",
  ]
  pruneopts = "UT"
  revision = "91acd11cb745e8e703d0306727b65cf550c0fde5"

[[projects]]
  digest = "1:8ef506fc2bb9ced9b151dafa592d4046063d744c646c1bbe801982ce87e4bc24"
  name = "github.com/lib/pq"
  packages = [
    ".",
    "oid",
  ]
  pruneopts = "UT"
  revision = "4ded0e9383f75c197b3a2aaa6d590ac52df6fd79"
  version = "v1.0.0"

[[projects]]
  digest = "1:c658e84ad3916da105a761660dcaeb01e63416c8ec7bc62256a9b411a05fcd67"
  name = "github.com/mattn/go-colorable"
  packages = ["."]
  pruneopts = "UT"
  revision = "167de6bfdfba052fa6b2d3664c8f5272e23c9072"
  version = "v0.0.9"

[[projects]]
  digest = "1:0981502f9816113c9c8c4ac301583841855c8cf4da8c72f696b3ebedf6d0e4e5"
  name = "github.com/mattn/go-isatty"
  packages = ["."]
  pruneopts = "UT"
  revision = "6ca4dbf54d38eea1a992b3c722a76a5d1c4cb25c"
  version = "v0.0.4"

[[projects]]
  digest = "1:dac0667a3fcdd4102a5da07abeddc89eb2f125b1e91af1ea9544c80eaff19c9a"
  name = "github.com/mitchellh/cli"
  packages = ["."]
  pruneopts = "UT"
  revision = "3d22a244be8aa6fb16ac24af0e195c08b7d973aa"
  version = "v1.0.0"

[[projects]]
  digest = "1:09ca328575f38b80969ccf857f6d7302f2ce09d53778ea7aaba526cfd2cec739"
  name = "github.com/mitchellh/copystructure"
  packages = ["."]
  pruneopts = "UT"
  revision = "9a1b6f44e8da0e0e374624fb0a825a231b00c537"
  version = "v1.0.0"

[[projects]]
  digest = "1:78bbb1ba5b7c3f2ed0ea1eab57bdd3859aec7e177811563edc41198a760b06af"
  name = "github.com/mitchellh/go-homedir"
  packages = ["."]
  pruneopts = "UT"
  revision = "ae18d6b8b3205b561c79e8e5f69bff09736185f4"
  version = "v1.0.0"

[[projects]]
  digest = "1:42eb1f52b84a06820cedc9baec2e710bfbda3ee6dac6cdb97f8b9a5066134ec6"
  name = "github.com/mitchellh/go-testing-interface"
  packages = ["."]
  pruneopts = "UT"
  revision = "6d0b8010fcc857872e42fc6c931227569016843c"
  version = "v1.0.0"

[[projects]]
  branch = "master"
  digest = "1:53bc4cd4914cd7cd52139990d5170d6dc99067ae31c56530621b18b35fc30318"
  name = "github.com/mitchellh/mapstructure"
  packages = ["."]
  pruneopts = "UT"
  revision = "3536a929edddb9a5b34bd6861dc4a9647cb459fe"

[[projects]]
  digest = "1:bcc07ad6f62e6d8958692ff89c8ac1c64eb92de66330f98b7e9bdb72cc017a84"
  name = "github.com/mitchellh/reflectwalk"
  packages = ["."]
  pruneopts = "UT"
  revision = "eecee6c969c02c8cc2ae48e1e269843ae8590796"
  version = "v1.0.0"

[[projects]]
  digest = "1:9ec6cf1df5ad1d55cf41a43b6b1e7e118a91bade4f68ff4303379343e40c0e25"
  name = "github.com/oklog/run"
  packages = ["."]
  pruneopts = "UT"
  revision = "4dadeb3030eda0273a12382bb2348ffc7c9d1a39"
  version = "v1.0.0"

[[projects]]
  digest = "1:808cdddf087fb64baeae67b8dfaee2069034d9704923a3cb8bd96a995421a625"
  name = "github.com/patrickmn/go-cache"
  packages = ["."]
  pruneopts = "UT"
  revision = "a3647f8e31d79543b2d0f0ae2fe5c379d72cedc0"
  version = "v2.1.0"

[[projects]]
  digest = "1:963772912b1d71f582a78a3f55a0e83bbd88777335a07a57cfbe0f01df2df06b"
  name = "github.com/posener/complete"
  packages = [
    ".",
    "cmd",
    "cmd/install",
    "match",
  ]
  pruneopts = "UT"
  revision = "dcda3199365ca2a5f24aea4c42aa56f6a197d117"
  version = "v1.1.2"

[[projects]]
  digest = "1:0e792eea6c96ec55ff302ef33886acbaa5006e900fefe82689e88d96439dcd84"
  name = "github.com/ryanuber/go-glob"
  packages = ["."]
  pruneopts = "UT"
  revision = "572520ed46dbddaed19ea3d9541bdd0494163693"
  version = "v0.1"

[[projects]]
  branch = "master"
  digest = "1:672f03384cdc2105efada341f9ef70bedd3c71b0e01f594c5c369706cadc7ac6"
  name = "golang.org/x/crypto"
  packages = [
    "bcrypt",
    "blowfish",
    "chacha20poly1305",
    "cryptobyte",
    "cryptobyte/asn1",
    "curve25519",
    "ed25519",
    "ed25519/internal/edwards25519",
    "hkdf",
    "internal/chacha20",
    "internal/subtle",
    "md4",
    "poly1305",
    "ssh",
    "ssh/agent",
    "ssh/terminal",
  ]
  pruneopts = "UT"
  revision = "0e37d006457bf46f9e6692014ba72ef82c33022c"

[[projects]]
  branch = "master"
  digest = "1:deafe4ab271911fec7de5b693d7faae3f38796d9eb8622e2b9e7df42bb3dfea9"
  name = "golang.org/x/net"
  packages = [
    "context",
    "http/httpguts",
    "http2",
    "http2/hpack",
    "idna",
    "internal/timeseries",
    "trace",
  ]
  pruneopts = "UT"
  revision = "26e67e76b6c3f6ce91f7c52def5af501b4e0f3a2"

[[projects]]
  branch = "master"
  digest = "1:388eb79cea3ef5353f6b08a7d8549eedd1bc17c30fcb7020a252cee50ce6bda4"
  name = "golang.org/x/sys"
  packages = [
    "cpu",
    "unix",
    "windows",
  ]
  pruneopts = "UT"
  revision = "d0be0721c37eeb5299f245a996a483160fc36940"

[[projects]]
  digest = "1:a2ab62866c75542dd18d2b069fec854577a20211d7c0ea6ae746072a1dccdd18"
  name = "golang.org/x/text"
  packages = [
    "collate",
    "collate/build",
    "internal/colltab",
    "internal/gen",
    "internal/tag",
    "internal/triegen",
    "internal/ucd",
    "language",
    "secure/bidirule",
    "transform",
    "unicode/bidi",
    "unicode/cldr",
    "unicode/norm",
    "unicode/rangetable",
  ]
  pruneopts = "UT"
  revision = "f21a4dfb5e38f5895301dc265a8def02365cc3d0"
  version = "v0.3.0"

[[projects]]
  branch = "master"
  digest = "1:c9e7a4b4d47c0ed205d257648b0e5b0440880cb728506e318f8ac7cd36270bc4"
  name = "golang.org/x/time"
  packages = ["rate"]
  pruneopts = "UT"
  revision = "fbb02b2291d28baffd63558aa44b4b56f178d650"

[[projects]]
  digest = "1:c25289f43ac4a68d88b02245742347c94f1e108c534dda442188015ff80669b3"
  name = "google.golang.org/appengine"
  packages = ["cloudsql"]
  pruneopts = "UT"
  revision = "ae0ab99deb4dc413a2b4bd6c8bdd0eb67f1e4d06"
  version = "v1.2.0"

[[projects]]
  branch = "master"
  digest = "1:56b0bca90b7e5d1facf5fbdacba23e4e0ce069d25381b8e2f70ef1e7ebfb9c1a"
  name = "google.golang.org/genproto"
  packages = ["googleapis/rpc/status"]
  pruneopts = "UT"
  revision = "c3f76f3b92d1ffa4c58a9ff842a58b8877655e0f"

[[projects]]
  digest = "1:1b6d2676ea895d33cbd1999c75dfc8e25b103c754ccfc66dc06ae845ce3a47bc"
  name = "google.golang.org/grpc"
  packages = [
    ".",
    "balancer",
    "balancer/base",
    "balancer/roundrobin",
    "codes",
    "connectivity",
    "credentials",
    "encoding",
    "encoding/proto",
    "grpclog",
    "health",
    "health/grpc_health_v1",
    "internal",
    "internal/backoff",
    "internal/channelz",
    "internal/envconfig",
    "internal/grpcrand",
    "internal/transport",
    "keepalive",
    "metadata",
    "naming",
    "peer",
    "resolver",
    "resolver/dns",
    "resolver/passthrough",
    "stats",
    "status",
    "tap",
  ]
  pruneopts = "UT"
  revision = "8dea3dc473e90c8179e519d91302d0597c0ca1d1"
  version = "v1.15.0"

[[projects]]
  digest = "1:2d1fbdc6777e5408cabeb02bf336305e724b925ff4546ded0fa8715a7267922a"
  name = "gopkg.in/inf.v0"
  packages = ["."]
  pruneopts = "UT"
  revision = "d2d2541c53f18d2a059457998ce2876cc8e67cbf"
  version = "v0.9.1"

[[projects]]
  branch = "v2"
  digest = "1:988de7520a09024d5d94cd99bd545afbf194893994ec759b1cda0a0bbb6adb80"
  name = "gopkg.in/mgo.v2"
  packages = [
    ".",
    "bson",
    "internal/json",
    "internal/sasl",
    "internal/scram",
  ]
  pruneopts = "UT"
  revision = "9856a29383ce1c59f308dd1cf0363a79b5bef6b5"

[solve-meta]
  analyzer-name = "dep"
  analyzer-version = 1
  input-imports = [
    "github.com/go-test/deep",
    "github.com/hashicorp/go-hclog",
    "github.com/hashicorp/vault-plugin-secrets-kv",
    "github.com/hashicorp/vault/api",
    "github.com/hashicorp/vault/audit",
    "github.com/hashicorp/vault/builtin/audit/file",
    "github.com/hashicorp/vault/builtin/credential/userpass",
    "github.com/hashicorp/vault/builtin/logical/pki",
    "github.com/hashicorp/vault/builtin/logical/ssh",
    "github.com/hashicorp/vault/builtin/logical/transit",
    "github.com/hashicorp/vault/http",
    "github.com/hashicorp/vault/logical",
    "github.com/hashicorp/vault/vault",
    "github.com/mitchellh/cli",
  ]
  solver-name = "gps-cdcl"
  solver-version = 1
