# This file is autogenerated, do not edit; changes may be undone by the next 'dep ensure'.


[[projects]]
  name = "cloud.google.com/go"
  packages = ["civil"]
  revision = "97efc2c9ffd9fe8ef47f7f3203dc60bbca547374"
  version = "v0.28.0"

[[projects]]
  name = "github.com/Jeffail/gabs"
  packages = ["."]
  revision = "7a0fed31069aba77993a518cc2f37b28ee7aa883"
  version = "v1.1.0"

[[projects]]
  name = "github.com/NYTimes/gziphandler"
  packages = ["."]
  revision = "2600fb119af974220d3916a5916d6e31176aac1b"
  version = "v1.0.1"

[[projects]]
  name = "github.com/SAP/go-hdb"
  packages = [
    "driver",
    "driver/sqltrace",
    "internal/bufio",
    "internal/protocol",
    "internal/unicode",
    "internal/unicode/cesu8"
  ]
  revision = "c55cd652ac372df54ed1c9f05eba4351a3f3f2bd"
  version = "v0.13.1"

[[projects]]
  name = "github.com/SermoDigital/jose"
  packages = [
    ".",
    "crypto",
    "jws",
    "jwt"
  ]
  revision = "f6df55f235c24f236d11dbcf665249a59ac2021f"
  version = "1.1"

[[projects]]
  branch = "master"
  name = "github.com/armon/go-metrics"
  packages = ["."]
  revision = "f0300d1749da6fa982027e449ec0c7a145510c3c"

[[projects]]
  name = "github.com/armon/go-radix"
  packages = ["."]
  revision = "1a2de0c21c94309923825da3df33a4381872c795"
  version = "v1.0.0"

[[projects]]
  name = "github.com/asaskevich/govalidator"
  packages = ["."]
  revision = "ccb8e960c48f04d6935e72476ae4a51028f9e22f"
  version = "v9"

[[projects]]
  name = "github.com/bgentry/speakeasy"
  packages = ["."]
  revision = "4aabc24848ce5fd31929f7d1e4ea74d3709c14cd"
  version = "v0.1.0"

[[projects]]
  branch = "master"
  name = "github.com/denisenkom/go-mssqldb"
  packages = [
    ".",
    "internal/cp"
  ]
  revision = "1eb28afdf9b6e56cf673badd47545f844fe81103"

[[projects]]
  branch = "master"
  name = "github.com/duosecurity/duo_api_golang"
  packages = [
    ".",
    "authapi"
  ]
  revision = "d0530c80e49a86b1c3f5525daa5a324bfb795ef3"

[[projects]]
  name = "github.com/elazarl/go-bindata-assetfs"
  packages = ["."]
  revision = "30f82fa23fd844bd5bb1e5f216db87fd77b5eb43"
  version = "v1.0.0"

[[projects]]
  name = "github.com/fatih/color"
  packages = ["."]
  revision = "5b77d2a35fb0ede96d138fc9a99f5c9b6aef11b4"
  version = "v1.7.0"

[[projects]]
  name = "github.com/fatih/structs"
  packages = ["."]
  revision = "a720dfa8df582c51dee1b36feabb906bde1588bd"
  version = "v1.0"

[[projects]]
  name = "github.com/go-sql-driver/mysql"
  packages = ["."]
  revision = "d523deb1b23d913de5bdada721a6071e71283618"
  version = "v1.4.0"

[[projects]]
  branch = "master"
  name = "github.com/gocql/gocql"
  packages = [
    ".",
    "internal/lru",
    "internal/murmur",
    "internal/streams"
  ]
  revision = "5a139e8dcc59d560335dbda641b9f42085e59b0a"

[[projects]]
  name = "github.com/golang/protobuf"
  packages = [
    "proto",
    "ptypes",
    "ptypes/any",
    "ptypes/duration",
    "ptypes/timestamp"
  ]
  revision = "aa810b61a9c79d51363740d207bb46cf8e620ed5"
  version = "v1.2.0"

[[projects]]
  branch = "master"
  name = "github.com/golang/snappy"
  packages = ["."]
  revision = "2e65f85255dbc3072edf28d6b5b8efc472979f5a"

[[projects]]
  branch = "master"
  name = "github.com/hailocab/go-hostpool"
  packages = ["."]
  revision = "e80d13ce29ede4452c43dea11e79b9bc8a15b478"

[[projects]]
  name = "github.com/hashicorp/errwrap"
  packages = ["."]
  revision = "8a6fb523712970c966eefc6b39ed2c5e74880354"
  version = "v1.0.0"

[[projects]]
  name = "github.com/hashicorp/go-cleanhttp"
  packages = ["."]
  revision = "e8ab9daed8d1ddd2d3c4efba338fe2eeae2e4f18"
  version = "v0.5.0"

[[projects]]
  branch = "master"
  name = "github.com/hashicorp/go-hclog"
  packages = ["."]
  revision = "e45cbeb79f0411b1cfedd3f226ff69d5d433c762"

[[projects]]
  name = "github.com/hashicorp/go-immutable-radix"
  packages = ["."]
  revision = "27df80928bb34bb1b0d6d0e01b9e679902e7a6b5"
  version = "v1.0.0"

[[projects]]
  branch = "master"
  name = "github.com/hashicorp/go-memdb"
  packages = ["."]
  revision = "1289e7fffe71d8fd4d4d491ba9a412c50f244c44"

[[projects]]
  name = "github.com/hashicorp/go-multierror"
  packages = ["."]
  revision = "886a7fbe3eb1c874d46f623bfa70af45f425b3d1"
  version = "v1.0.0"

[[projects]]
  branch = "master"
  name = "github.com/hashicorp/go-plugin"
  packages = ["."]
  revision = "a4620f9913d19f03a6bf19b2f304daaaf83ea130"

[[projects]]
  branch = "master"
  name = "github.com/hashicorp/go-retryablehttp"
  packages = ["."]
  revision = "e651d75abec6fbd4f2c09508f72ae7af8a8b7171"

[[projects]]
  branch = "master"
  name = "github.com/hashicorp/go-rootcerts"
  packages = ["."]
  revision = "6bb64b370b90e7ef1fa532be9e591a81c3493e00"

[[projects]]
  branch = "master"
  name = "github.com/hashicorp/go-sockaddr"
  packages = ["."]
  revision = "6d291a969b86c4b633730bfc6b8b9d64c3aafed9"

[[projects]]
  name = "github.com/hashicorp/go-uuid"
  packages = ["."]
  revision = "de160f5c59f693fed329e73e291bb751fe4ea4dc"
  version = "v1.0.0"

[[projects]]
  name = "github.com/hashicorp/go-version"
  packages = ["."]
  revision = "b5a281d3160aa11950a6182bd9a9dc2cb1e02d50"
  version = "v1.0.0"

[[projects]]
  name = "github.com/hashicorp/golang-lru"
  packages = [
    ".",
    "simplelru"
  ]
  revision = "20f1fb78b0740ba8c3cb143a61e86ba5c8669768"
  version = "v0.5.0"

[[projects]]
  name = "github.com/hashicorp/hcl"
  packages = [
    ".",
    "hcl/ast",
    "hcl/parser",
    "hcl/scanner",
    "hcl/strconv",
    "hcl/token",
    "json/parser",
    "json/scanner",
    "json/token"
  ]
  revision = "8cb6e5b959231cc1119e43259c4a608f9c51a241"
  version = "v1.0.0"

[[projects]]
  branch = "master"
  name = "github.com/hashicorp/vault"
  packages = [
    "api",
    "audit",
    "builtin/audit/file",
    "builtin/credential/userpass",
    "builtin/logical/database/dbplugin",
    "builtin/logical/pki",
    "builtin/logical/ssh",
    "builtin/logical/transit",
    "helper/base62",
    "helper/builtinplugins",
    "helper/certutil",
    "helper/cidrutil",
    "helper/compressutil",
    "helper/consts",
    "helper/dbtxn",
    "helper/errutil",
    "helper/forwarding",
    "helper/hclutil",
    "helper/identity",
    "helper/identity/mfa",
    "helper/jsonutil",
    "helper/kdf",
    "helper/keysutil",
    "helper/license",
    "helper/locksutil",
    "helper/logging",
    "helper/mfa",
    "helper/mfa/duo",
    "helper/mlock",
    "helper/namespace",
    "helper/parseutil",
    "helper/password",
    "helper/pathmanager",
    "helper/pgpkeys",
    "helper/pluginutil",
    "helper/policyutil",
    "helper/reload",
    "helper/salt",
    "helper/storagepacker",
    "helper/strutil",
    "helper/tlsutil",
    "helper/wrapping",
    "helper/xor",
    "http",
    "logical",
    "logical/framework",
    "physical",
    "physical/inmem",
    "plugins",
    "plugins/database/cassandra",
    "plugins/database/hana",
    "plugins/database/mongodb",
    "plugins/database/mssql",
    "plugins/database/mysql",
    "plugins/database/postgresql",
    "plugins/helper/database/connutil",
    "plugins/helper/database/credsutil",
    "plugins/helper/database/dbutil",
    "shamir",
    "vault",
    "vault/seal",
    "version"
  ]
  revision = "f8d0075c708bea4b5f2ca45bf9ccc091de9ab0cd"

[[projects]]
  branch = "master"
  name = "github.com/hashicorp/vault-plugin-secrets-kv"
  packages = ["."]
  revision = "5a464a61f7def5e5688e5c77b60d1a655d11a633"

[[projects]]
  branch = "master"
  name = "github.com/hashicorp/yamux"
  packages = ["."]
  revision = "7221087c3d281fda5f794e28c2ea4c6e4d5c4558"

[[projects]]
  branch = "master"
  name = "github.com/jefferai/jsonx"
  packages = ["."]
  revision = "9cc31c3135eef39b8e72585f37efa92b6ca314d0"

[[projects]]
  branch = "master"
  name = "github.com/keybase/go-crypto"
  packages = [
    "brainpool",
    "cast5",
    "curve25519",
    "ed25519",
    "ed25519/internal/edwards25519",
    "openpgp",
    "openpgp/armor",
    "openpgp/ecdh",
    "openpgp/elgamal",
    "openpgp/errors",
    "openpgp/packet",
    "openpgp/s2k"
  ]
  revision = "91acd11cb745e8e703d0306727b65cf550c0fde5"

[[projects]]
  name = "github.com/lib/pq"
  packages = [
    ".",
    "oid"
  ]
  revision = "4ded0e9383f75c197b3a2aaa6d590ac52df6fd79"
  version = "v1.0.0"

[[projects]]
  name = "github.com/mattn/go-colorable"
  packages = ["."]
  revision = "167de6bfdfba052fa6b2d3664c8f5272e23c9072"
  version = "v0.0.9"

[[projects]]
  name = "github.com/mattn/go-isatty"
  packages = ["."]
  revision = "6ca4dbf54d38eea1a992b3c722a76a5d1c4cb25c"
  version = "v0.0.4"

[[projects]]
  name = "github.com/mitchellh/cli"
  packages = ["."]
  revision = "3d22a244be8aa6fb16ac24af0e195c08b7d973aa"
  version = "v1.0.0"

[[projects]]
  name = "github.com/mitchellh/copystructure"
  packages = ["."]
  revision = "9a1b6f44e8da0e0e374624fb0a825a231b00c537"
  version = "v1.0.0"

[[projects]]
  name = "github.com/mitchellh/go-homedir"
  packages = ["."]
  revision = "ae18d6b8b3205b561c79e8e5f69bff09736185f4"
  version = "v1.0.0"

[[projects]]
  name = "github.com/mitchellh/go-testing-interface"
  packages = ["."]
  revision = "6d0b8010fcc857872e42fc6c931227569016843c"
  version = "v1.0.0"

[[projects]]
  name = "github.com/mitchellh/mapstructure"
  packages = ["."]
  revision = "fa473d140ef3c6adf42d6b391fe76707f1f243c8"
  version = "v1.0.0"

[[projects]]
  name = "github.com/mitchellh/reflectwalk"
  packages = ["."]
  revision = "eecee6c969c02c8cc2ae48e1e269843ae8590796"
  version = "v1.0.0"

[[projects]]
  name = "github.com/oklog/run"
  packages = ["."]
  revision = "4dadeb3030eda0273a12382bb2348ffc7c9d1a39"
  version = "v1.0.0"

[[projects]]
  name = "github.com/patrickmn/go-cache"
  packages = ["."]
  revision = "a3647f8e31d79543b2d0f0ae2fe5c379d72cedc0"
  version = "v2.1.0"

[[projects]]
  name = "github.com/posener/complete"
  packages = [
    ".",
    "cmd",
    "cmd/install",
    "match"
  ]
  revision = "dcda3199365ca2a5f24aea4c42aa56f6a197d117"
  version = "v1.1.2"

[[projects]]
  name = "github.com/ryanuber/go-glob"
  packages = ["."]
  revision = "572520ed46dbddaed19ea3d9541bdd0494163693"
  version = "v0.1"

[[projects]]
  branch = "master"
  name = "golang.org/x/crypto"
  packages = [
    "bcrypt",
    "blowfish",
    "chacha20poly1305",
    "cryptobyte",
    "cryptobyte/asn1",
    "curve25519",
    "ed25519",
    "ed25519/internal/edwards25519",
    "hkdf",
    "internal/chacha20",
    "internal/subtle",
    "md4",
    "poly1305",
    "ssh",
    "ssh/agent",
    "ssh/terminal"
  ]
  revision = "0e37d006457bf46f9e6692014ba72ef82c33022c"

[[projects]]
  branch = "master"
  name = "golang.org/x/net"
  packages = [
    "context",
    "http/httpguts",
    "http2",
    "http2/hpack",
    "idna",
    "internal/timeseries",
    "trace"
  ]
  revision = "26e67e76b6c3f6ce91f7c52def5af501b4e0f3a2"

[[projects]]
  branch = "master"
  name = "golang.org/x/sys"
  packages = [
    "cpu",
    "unix",
    "windows"
  ]
  revision = "d0be0721c37eeb5299f245a996a483160fc36940"

[[projects]]
  name = "golang.org/x/text"
  packages = [
    "collate",
    "collate/build",
    "internal/colltab",
    "internal/gen",
    "internal/tag",
    "internal/triegen",
    "internal/ucd",
    "language",
    "secure/bidirule",
    "transform",
    "unicode/bidi",
    "unicode/cldr",
    "unicode/norm",
    "unicode/rangetable"
  ]
  revision = "f21a4dfb5e38f5895301dc265a8def02365cc3d0"
  version = "v0.3.0"

[[projects]]
  branch = "master"
  name = "golang.org/x/time"
  packages = ["rate"]
  revision = "fbb02b2291d28baffd63558aa44b4b56f178d650"

[[projects]]
  name = "google.golang.org/appengine"
  packages = ["cloudsql"]
  revision = "ae0ab99deb4dc413a2b4bd6c8bdd0eb67f1e4d06"
  version = "v1.2.0"

[[projects]]
  branch = "master"
  name = "google.golang.org/genproto"
  packages = ["googleapis/rpc/status"]
  revision = "c3f76f3b92d1ffa4c58a9ff842a58b8877655e0f"

[[projects]]
  name = "google.golang.org/grpc"
  packages = [
    ".",
    "balancer",
    "balancer/base",
    "balancer/roundrobin",
    "codes",
    "connectivity",
    "credentials",
    "encoding",
    "encoding/proto",
    "grpclog",
    "health",
    "health/grpc_health_v1",
    "internal",
    "internal/backoff",
    "internal/channelz",
    "internal/envconfig",
    "internal/grpcrand",
    "internal/transport",
    "keepalive",
    "metadata",
    "naming",
    "peer",
    "resolver",
    "resolver/dns",
    "resolver/passthrough",
    "stats",
    "status",
    "tap"
  ]
  revision = "8dea3dc473e90c8179e519d91302d0597c0ca1d1"
  version = "v1.15.0"

[[projects]]
  name = "gopkg.in/inf.v0"
  packages = ["."]
  revision = "d2d2541c53f18d2a059457998ce2876cc8e67cbf"
  version = "v0.9.1"

[[projects]]
  branch = "v2"
  name = "gopkg.in/mgo.v2"
  packages = [
    ".",
    "bson",
    "internal/json",
    "internal/sasl",
    "internal/scram"
  ]
  revision = "9856a29383ce1c59f308dd1cf0363a79b5bef6b5"

[solve-meta]
  analyzer-name = "dep"
  analyzer-version = 1
  inputs-digest = "51f71fcbe1e4068879ee3af02f0ffe3736349b1439e577cbf3acf9ba24b996b5"
  solver-name = "gps-cdcl"
  solver-version = 1
